
Microsoft Visual Studio Solution File, Format Version 10.00
# Visual Studio 2008
Project("{FAE04EC0-301F-11D3-BF4B-00C04F79EFBC}") = "PanTilt", "PanTilt\PanTilt.csproj", "{5E27642A-655A-44E4-BA9F-D1F82DC1BAFB}"
EndProject
Global
	GlobalSection(SolutionConfigurationPlatforms) = preSolution
		Debug|Any CPU = Debug|Any CPU
		Release|Any CPU = Release|Any CPU
	EndGlobalSection
	GlobalSection(ProjectConfigurationPlatforms) = postSolution
		{5E27642A-655A-44E4-BA9F-D1F82DC1BAFB}.Debug|Any CPU.ActiveCfg = Debug|Any CPU
		{5E27642A-655A-44E4-BA9F-D1F82DC1BAFB}.Debug|Any CPU.Build.0 = Debug|Any CPU
		{5E27642A-655A-44E4-BA9F-D1F82DC1BAFB}.Release|Any CPU.ActiveCfg = Release|Any CPU
		{5E27642A-655A-44E4-BA9F-D1F82DC1BAFB}.Release|Any CPU.Build.0 = Release|Any CPU
	EndGlobalSection
	GlobalSection(SolutionProperties) = preSolution
		HideSolutionNode = FALSE
	EndGlobalSection
EndGlobal
